{
  "name": "oqOCaraNFazPorXereca",
  "lockfileVersion": 3,
  "requires": true,
  "packages": {
    "": {
      "dependencies": {
        "alertify": "^0.3.0"
      }
    },
    "node_modules/alertify": {
      "version": "0.3.0",
      "resolved": "https://registry.npmjs.org/alertify/-/alertify-0.3.0.tgz",
      "integrity": "sha512-4Q5/ScEMdERb+unp09ZUd3qpB65OrivJ2Y9kBfNSpgqSLoG/4/aA9BRkBjXDLxCMrU3C4J/yyydZVvqLAwNpzQ=="
    }
  }
}
